
Microsoft Visual Studio Solution File, Format Version 12.00
# Visual Studio Version 17
VisualStudioVersion = 17.0.31903.59
MinimumVisualStudioVersion = 10.0.40219.1
Project("{FAE04EC0-301F-11D3-BF4B-00C04F79EFBC}") = "Day08", "Day08\Day08.csproj", "{49397F2E-9AE5-47DE-A6D5-1F354B35E034}"
EndProject
Project("{FAE04EC0-301F-11D3-BF4B-00C04F79EFBC}") = "DataLoader", "DataLoader\DataLoader.csproj", "{0467F222-E58F-4324-850B-D7DC5FB16A9C}"
EndProject
Project("{FAE04EC0-301F-11D3-BF4B-00C04F79EFBC}") = "Day08.Tests", "Day08.Tests\Day08.Tests.csproj", "{E98522CC-5729-4125-9506-93CEEC091351}"
EndProject
Global
	GlobalSection(SolutionConfigurationPlatforms) = preSolution
		Debug|Any CPU = Debug|Any CPU
		Release|Any CPU = Release|Any CPU
	EndGlobalSection
	GlobalSection(ProjectConfigurationPlatforms) = postSolution
		{49397F2E-9AE5-47DE-A6D5-1F354B35E034}.Debug|Any CPU.ActiveCfg = Debug|Any CPU
		{49397F2E-9AE5-47DE-A6D5-1F354B35E034}.Debug|Any CPU.Build.0 = Debug|Any CPU
		{49397F2E-9AE5-47DE-A6D5-1F354B35E034}.Release|Any CPU.ActiveCfg = Release|Any CPU
		{49397F2E-9AE5-47DE-A6D5-1F354B35E034}.Release|Any CPU.Build.0 = Release|Any CPU
		{0467F222-E58F-4324-850B-D7DC5FB16A9C}.Debug|Any CPU.ActiveCfg = Debug|Any CPU
		{0467F222-E58F-4324-850B-D7DC5FB16A9C}.Debug|Any CPU.Build.0 = Debug|Any CPU
		{0467F222-E58F-4324-850B-D7DC5FB16A9C}.Release|Any CPU.ActiveCfg = Release|Any CPU
		{0467F222-E58F-4324-850B-D7DC5FB16A9C}.Release|Any CPU.Build.0 = Release|Any CPU
		{E98522CC-5729-4125-9506-93CEEC091351}.Debug|Any CPU.ActiveCfg = Debug|Any CPU
		{E98522CC-5729-4125-9506-93CEEC091351}.Debug|Any CPU.Build.0 = Debug|Any CPU
		{E98522CC-5729-4125-9506-93CEEC091351}.Release|Any CPU.ActiveCfg = Release|Any CPU
		{E98522CC-5729-4125-9506-93CEEC091351}.Release|Any CPU.Build.0 = Release|Any CPU
	EndGlobalSection
	GlobalSection(SolutionProperties) = preSolution
		HideSolutionNode = FALSE
	EndGlobalSection
EndGlobal
