
Microsoft Visual Studio Solution File, Format Version 12.00
# Visual Studio Version 17
VisualStudioVersion = 17.0.31903.59
MinimumVisualStudioVersion = 10.0.40219.1
Project("{9A19103F-16F7-4668-BE54-9A1E7A4F7556}") = "DataLoader", "DataLoader\DataLoader.csproj", "{3A900900-02BE-49F2-A989-849A38CFB7BD}"
EndProject
Project("{9A19103F-16F7-4668-BE54-9A1E7A4F7556}") = "Day01", "Day01\Day01.csproj", "{D7D5DCF0-3607-4412-93B0-3BF8C4CBBE51}"
EndProject
Project("{9A19103F-16F7-4668-BE54-9A1E7A4F7556}") = "Day01.Tests", "Day01.Tests\Day01.Tests.csproj", "{FAC4246B-8319-4623-98F0-C53DAA5B4926}"
EndProject
Global
	GlobalSection(SolutionConfigurationPlatforms) = preSolution
		Debug|Any CPU = Debug|Any CPU
		Release|Any CPU = Release|Any CPU
	EndGlobalSection
	GlobalSection(ProjectConfigurationPlatforms) = postSolution
		{3A900900-02BE-49F2-A989-849A38CFB7BD}.Debug|Any CPU.ActiveCfg = Debug|Any CPU
		{3A900900-02BE-49F2-A989-849A38CFB7BD}.Debug|Any CPU.Build.0 = Debug|Any CPU
		{3A900900-02BE-49F2-A989-849A38CFB7BD}.Release|Any CPU.ActiveCfg = Release|Any CPU
		{3A900900-02BE-49F2-A989-849A38CFB7BD}.Release|Any CPU.Build.0 = Release|Any CPU
		{D7D5DCF0-3607-4412-93B0-3BF8C4CBBE51}.Debug|Any CPU.ActiveCfg = Debug|Any CPU
		{D7D5DCF0-3607-4412-93B0-3BF8C4CBBE51}.Debug|Any CPU.Build.0 = Debug|Any CPU
		{D7D5DCF0-3607-4412-93B0-3BF8C4CBBE51}.Release|Any CPU.ActiveCfg = Release|Any CPU
		{D7D5DCF0-3607-4412-93B0-3BF8C4CBBE51}.Release|Any CPU.Build.0 = Release|Any CPU
		{FAC4246B-8319-4623-98F0-C53DAA5B4926}.Debug|Any CPU.ActiveCfg = Debug|Any CPU
		{FAC4246B-8319-4623-98F0-C53DAA5B4926}.Debug|Any CPU.Build.0 = Debug|Any CPU
		{FAC4246B-8319-4623-98F0-C53DAA5B4926}.Release|Any CPU.ActiveCfg = Release|Any CPU
		{FAC4246B-8319-4623-98F0-C53DAA5B4926}.Release|Any CPU.Build.0 = Release|Any CPU
	EndGlobalSection
	GlobalSection(SolutionProperties) = preSolution
		HideSolutionNode = FALSE
	EndGlobalSection
EndGlobal
